<?xml version="1.0" encoding="utf-8"?>
<Project ToolsVersion="4.0" xmlns="http://schemas.microsoft.com/developer/msbuild/2003">
  <ItemGroup>
    <ClInclude Include="Global.h" />
    <ClInclude Include="Base\Base.h">
      <Filter>Base</Filter>
    </ClInclude>
    <ClInclude Include="Game\Stage\Stage.h">
      <Filter>Game\Stage</Filter>
    </ClInclude>
    <ClInclude Include="Game\Character\PlayerCamera.h">
      <Filter>Game\Character</Filter>
    </ClInclude>
    <ClInclude Include="Game\Character\Enemy.h">
      <Filter>Game\Character</Filter>
    </ClInclude>
    <ClInclude Include="Game\Character\Player.h">
      <Filter>Game\Character</Filter>
    </ClInclude>
    <ClInclude Include="Game\Character\EnemyManager.h">
      <Filter>Game\Character</Filter>
    </ClInclude>
    <ClInclude Include="Game\Camera\FieldCamera.h">
      <Filter>Game\Camera</Filter>
    </ClInclude>
    <ClInclude Include="Game\Stage\MoveBox.h">
      <Filter>Game\Stage</Filter>
    </ClInclude>
    <ClInclude Include="Game\Stage\Box.h">
      <Filter>Game\Stage</Filter>
    </ClInclude>
    <ClInclude Include="Game\Stage\RotateBox.h">
      <Filter>Game\Stage</Filter>
    </ClInclude>
    <ClInclude Include="Game\Stage\HideBox.h">
      <Filter>Game\Stage</Filter>
    </ClInclude>
    <ClInclude Include="Game\Stage\Item.h">
      <Filter>Game\Stage</Filter>
    </ClInclude>
    <ClInclude Include="Game\Gamedata\GameData.h">
      <Filter>Game\GameData</Filter>
    </ClInclude>
    <ClInclude Include="Game\Stage\TyukanBox.h">
      <Filter>Game\Stage</Filter>
    </ClInclude>
    <ClInclude Include="Game\Stage\FellBox.h">
      <Filter>Game\Stage</Filter>
    </ClInclude>
    <ClInclude Include="Title\Title.h">
      <Filter>Title</Filter>
    </ClInclude>
    <ClInclude Include="Game\Game.h">
      <Filter>Game</Filter>
    </ClInclude>
    <ClInclude Include="TaskSystem\Task.h">
      <Filter>TaskSystem</Filter>
    </ClInclude>
    <ClInclude Include="TaskSystem\TaskManeger.h">
      <Filter>TaskSystem</Filter>
    </ClInclude>
    <ClInclude Include="Debug\DebugPrint.h">
      <Filter>Debug</Filter>
    </ClInclude>
    <ClInclude Include="Effect\Effect.h">
      <Filter>Effect</Filter>
    </ClInclude>
    <ClInclude Include="Navigation\NavManeger.h">
      <Filter>Navigation</Filter>
    </ClInclude>
    <ClInclude Include="Navigation\NavNode.h">
      <Filter>Navigation</Filter>
    </ClInclude>
    <ClInclude Include="Game\Character\CharaBase.h">
      <Filter>Game\Character</Filter>
    </ClInclude>
    <ClInclude Include="Game\Character\NoiseBox.h">
      <Filter>Game\Character</Filter>
    </ClInclude>
    <ClInclude Include="Debug\DebugProfiler.h">
      <Filter>Debug</Filter>
    </ClInclude>
    <ClInclude Include="Game\UI\UI.h">
      <Filter>Game\UI</Filter>
    </ClInclude>
    <ClInclude Include="Game\Camera\EventCamera.h">
      <Filter>Game\Camera</Filter>
    </ClInclude>
    <ClInclude Include="Title\Choose.h">
      <Filter>Title</Filter>
    </ClInclude>
    <ClInclude Include="Game\Stage\BreakBox.h">
      <Filter>Game\Stage</Filter>
    </ClInclude>
    <ClInclude Include="Game\Stage\StageWatch.h">
      <Filter>Game\Stage</Filter>
    </ClInclude>
    <ClInclude Include="Game\Character\EnemyCopy.h">
      <Filter>Game\Character</Filter>
    </ClInclude>
    <ClInclude Include="Game\Character\EnemyManagerCopy.h">
      <Filter>Game\Character</Filter>
    </ClInclude>
  </ItemGroup>
  <ItemGroup>
    <ClCompile Include="main.cpp" />
    <ClCompile Include="Base\Base.cpp">
      <Filter>Base</Filter>
    </ClCompile>
    <ClCompile Include="Game\Stage\Stage.cpp">
      <Filter>Game\Stage</Filter>
    </ClCompile>
    <ClCompile Include="Game\Character\PlayerCamera.cpp">
      <Filter>Game\Character</Filter>
    </ClCompile>
    <ClCompile Include="Game\Character\Enemy.cpp">
      <Filter>Game\Character</Filter>
    </ClCompile>
    <ClCompile Include="Game\Character\Player.cpp">
      <Filter>Game\Character</Filter>
    </ClCompile>
    <ClCompile Include="Game\Character\EnemyManager.cpp">
      <Filter>Game\Character</Filter>
    </ClCompile>
    <ClCompile Include="Game\Camera\FieldCamera.cpp">
      <Filter>Game\Camera</Filter>
    </ClCompile>
    <ClCompile Include="Game\Stage\MoveBox.cpp">
      <Filter>Game\Stage</Filter>
    </ClCompile>
    <ClCompile Include="Game\Stage\Box.cpp">
      <Filter>Game\Stage</Filter>
    </ClCompile>
    <ClCompile Include="Game\Stage\RotateBox.cpp">
      <Filter>Game\Stage</Filter>
    </ClCompile>
    <ClCompile Include="Game\Stage\HideBox.cpp">
      <Filter>Game\Stage</Filter>
    </ClCompile>
    <ClCompile Include="Game\Stage\Item.cpp">
      <Filter>Game\Stage</Filter>
    </ClCompile>
    <ClCompile Include="Game\Gamedata\GameData.cpp">
      <Filter>Game\GameData</Filter>
    </ClCompile>
    <ClCompile Include="Game\Stage\TyukanBox.cpp">
      <Filter>Game\Stage</Filter>
    </ClCompile>
    <ClCompile Include="Game\Stage\FellBox.cpp">
      <Filter>Game\Stage</Filter>
    </ClCompile>
    <ClCompile Include="Title\Title.cpp">
      <Filter>Title</Filter>
    </ClCompile>
    <ClCompile Include="Game\Game.cpp">
      <Filter>Game</Filter>
    </ClCompile>
    <ClCompile Include="TaskSystem\Task.cpp">
      <Filter>TaskSystem</Filter>
    </ClCompile>
    <ClCompile Include="TaskSystem\TaskManeger.cpp">
      <Filter>TaskSystem</Filter>
    </ClCompile>
    <ClCompile Include="Debug\DebugPrint.cpp">
      <Filter>Debug</Filter>
    </ClCompile>
    <ClCompile Include="Effect\Effect.cpp">
      <Filter>Effect</Filter>
    </ClCompile>
    <ClCompile Include="Navigation\NavManeger.cpp">
      <Filter>Navigation</Filter>
    </ClCompile>
    <ClCompile Include="Navigation\NavNode.cpp">
      <Filter>Navigation</Filter>
    </ClCompile>
    <ClCompile Include="Game\Character\CharaBase.cpp">
      <Filter>Game\Character</Filter>
    </ClCompile>
    <ClCompile Include="Game\Character\NoiseBox.cpp">
      <Filter>Game\Character</Filter>
    </ClCompile>
    <ClCompile Include="Debug\DebugProfiler.cpp">
      <Filter>Debug</Filter>
    </ClCompile>
    <ClCompile Include="Game\UI\UI.cpp">
      <Filter>Game\UI</Filter>
    </ClCompile>
    <ClCompile Include="Game\Camera\EventCamera.cpp">
      <Filter>Game\Camera</Filter>
    </ClCompile>
    <ClCompile Include="Title\Choose.cpp">
      <Filter>Title</Filter>
    </ClCompile>
    <ClCompile Include="Game\Stage\BreakBox.cpp">
      <Filter>Game\Stage</Filter>
    </ClCompile>
    <ClCompile Include="Game\Stage\StageWatch.cpp">
      <Filter>Game\Stage</Filter>
    </ClCompile>
    <ClCompile Include="Game\Character\EnemyCopy.cpp">
      <Filter>Game\Character</Filter>
    </ClCompile>
    <ClCompile Include="Game\Character\EnemyManagerCopy.cpp">
      <Filter>Game\Character</Filter>
    </ClCompile>
  </ItemGroup>
  <ItemGroup>
    <Filter Include="Base">
      <UniqueIdentifier>{ac020fa2-b21f-4833-98b4-34f0f8a37ec7}</UniqueIdentifier>
    </Filter>
    <Filter Include="Game">
      <UniqueIdentifier>{8c680bdf-9e88-479e-b066-845884c5eeea}</UniqueIdentifier>
    </Filter>
    <Filter Include="Game\Character">
      <UniqueIdentifier>{b1843b31-86ab-48fa-8287-5783c12a8644}</UniqueIdentifier>
    </Filter>
    <Filter Include="Game\Stage">
      <UniqueIdentifier>{fb9cfa26-99eb-4729-9f25-6c8c3a12e8fa}</UniqueIdentifier>
    </Filter>
    <Filter Include="Game\Camera">
      <UniqueIdentifier>{00e695ef-d170-4c86-89c4-8b25bc628f16}</UniqueIdentifier>
    </Filter>
    <Filter Include="Game\GameData">
      <UniqueIdentifier>{744463a8-9c41-4755-a9be-5c23812c8773}</UniqueIdentifier>
    </Filter>
    <Filter Include="Title">
      <UniqueIdentifier>{9b5e6eda-e3e4-40be-b2a4-242bd5d2356b}</UniqueIdentifier>
    </Filter>
    <Filter Include="TaskSystem">
      <UniqueIdentifier>{3a0ae274-9b48-4086-8a5b-dcd5a7c73787}</UniqueIdentifier>
    </Filter>
    <Filter Include="Debug">
      <UniqueIdentifier>{59cd8d36-a65c-4231-a8d8-270bd0aa2694}</UniqueIdentifier>
    </Filter>
    <Filter Include="Effect">
      <UniqueIdentifier>{b4c38fdb-b570-4c98-99d2-5696e1ec8cae}</UniqueIdentifier>
    </Filter>
    <Filter Include="Navigation">
      <UniqueIdentifier>{45507fb9-672f-4b47-b7e2-ec33c7c728e3}</UniqueIdentifier>
    </Filter>
    <Filter Include="Game\UI">
      <UniqueIdentifier>{fb1dc2d5-3a3a-4c63-9d59-fdb08355c67b}</UniqueIdentifier>
    </Filter>
  </ItemGroup>
</Project>